// !$*UTF8*$!
{
	archiveVersion = 1;
	classes = {
	};
	objectVersion = 50;
	objects = {

/* Begin PBXBuildFile section */
		5D64443C2580670F00798E0F /* ItemDetailViewController.swift in Sources */ = {isa = PBXBuildFile; fileRef = 5D64443B2580670F00798E0F /* ItemDetailViewController.swift */; };
		5DD57EE92586AF3C00C1FA10 /* AllListsViewController.swift in Sources */ = {isa = PBXBuildFile; fileRef = 5DD57EE82586AF3C00C1FA10 /* AllListsViewController.swift */; };
		5DD57EED2586D1AB00C1FA10 /* Checklist.swift in Sources */ = {isa = PBXBuildFile; fileRef = 5DD57EEC2586D1AB00C1FA10 /* Checklist.swift */; };
		5DD57EF12586EEB800C1FA10 /* ListDetailViewController.swift in Sources */ = {isa = PBXBuildFile; fileRef = 5DD57EF02586EEB800C1FA10 /* ListDetailViewController.swift */; };
		5DDFCC0D258845F000EF3DB6 /* DataModel.swift in Sources */ = {isa = PBXBuildFile; fileRef = 5DDFCC0C258845F000EF3DB6 /* DataModel.swift */; };
		5DFA8116257F26B800DD1749 /* AppDelegate.swift in Sources */ = {isa = PBXBuildFile; fileRef = 5DFA8115257F26B800DD1749 /* AppDelegate.swift */; };
		5DFA8118257F26B800DD1749 /* SceneDelegate.swift in Sources */ = {isa = PBXBuildFile; fileRef = 5DFA8117257F26B800DD1749 /* SceneDelegate.swift */; };
		5DFA811A257F26B800DD1749 /* ChecklistViewController.swift in Sources */ = {isa = PBXBuildFile; fileRef = 5DFA8119257F26B800DD1749 /* ChecklistViewController.swift */; };
		5DFA811D257F26B800DD1749 /* Main.storyboard in Resources */ = {isa = PBXBuildFile; fileRef = 5DFA811B257F26B800DD1749 /* Main.storyboard */; };
		5DFA811F257F26B900DD1749 /* Assets.xcassets in Resources */ = {isa = PBXBuildFile; fileRef = 5DFA811E257F26B900DD1749 /* Assets.xcassets */; };
		5DFA8122257F26B900DD1749 /* LaunchScreen.storyboard in Resources */ = {isa = PBXBuildFile; fileRef = 5DFA8120257F26B900DD1749 /* LaunchScreen.storyboard */; };
		5DFA812D2580300B00DD1749 /* ChecklistItem.swift in Sources */ = {isa = PBXBuildFile; fileRef = 5DFA812C2580300B00DD1749 /* ChecklistItem.swift */; };
/* End PBXBuildFile section */

/* Begin PBXFileReference section */
		5D64443B2580670F00798E0F /* ItemDetailViewController.swift */ = {isa = PBXFileReference; lastKnownFileType = sourcecode.swift; path = ItemDetailViewController.swift; sourceTree = "<group>"; };
		5DD57EE82586AF3C00C1FA10 /* AllListsViewController.swift */ = {isa = PBXFileReference; lastKnownFileType = sourcecode.swift; path = AllListsViewController.swift; sourceTree = "<group>"; };
		5DD57EEC2586D1AB00C1FA10 /* Checklist.swift */ = {isa = PBXFileReference; lastKnownFileType = sourcecode.swift; path = Checklist.swift; sourceTree = "<group>"; };
		5DD57EF02586EEB800C1FA10 /* ListDetailViewController.swift */ = {isa = PBXFileReference; lastKnownFileType = sourcecode.swift; path = ListDetailViewController.swift; sourceTree = "<group>"; };
		5DDFCC0C258845F000EF3DB6 /* DataModel.swift */ = {isa = PBXFileReference; lastKnownFileType = sourcecode.swift; path = DataModel.swift; sourceTree = "<group>"; };
		5DFA8112257F26B800DD1749 /* Checklists12.app */ = {isa = PBXFileReference; explicitFileType = wrapper.application; includeInIndex = 0; path = Checklists12.app; sourceTree = BUILT_PRODUCTS_DIR; };
		5DFA8115257F26B800DD1749 /* AppDelegate.swift */ = {isa = PBXFileReference; lastKnownFileType = sourcecode.swift; path = AppDelegate.swift; sourceTree = "<group>"; };
		5DFA8117257F26B800DD1749 /* SceneDelegate.swift */ = {isa = PBXFileReference; lastKnownFileType = sourcecode.swift; path = SceneDelegate.swift; sourceTree = "<group>"; };
		5DFA8119257F26B800DD1749 /* ChecklistViewController.swift */ = {isa = PBXFileReference; lastKnownFileType = sourcecode.swift; path = ChecklistViewController.swift; sourceTree = "<group>"; };
		5DFA811C257F26B800DD1749 /* Base */ = {isa = PBXFileReference; lastKnownFileType = file.storyboard; name = Base; path = Base.lproj/Main.storyboard; sourceTree = "<group>"; };
		5DFA811E257F26B900DD1749 /* Assets.xcassets */ = {isa = PBXFileReference; lastKnownFileType = folder.assetcatalog; path = Assets.xcassets; sourceTree = "<group>"; };
		5DFA8121257F26B900DD1749 /* Base */ = {isa = PBXFileReference; lastKnownFileType = file.storyboard; name = Base; path = Base.lproj/LaunchScreen.storyboard; sourceTree = "<group>"; };
		5DFA8123257F26B900DD1749 /* Info.plist */ = {isa = PBXFileReference; lastKnownFileType = text.plist.xml; path = Info.plist; sourceTree = "<group>"; };
		5DFA812C2580300B00DD1749 /* ChecklistItem.swift */ = {isa = PBXFileReference; lastKnownFileType = sourcecode.swift; path = ChecklistItem.swift; sourceTree = "<group>"; };
/* End PBXFileReference section */

/* Begin PBXFrameworksBuildPhase section */
		5DFA810F257F26B800DD1749 /* Frameworks */ = {
			isa = PBXFrameworksBuildPhase;
			buildActionMask = 2147483647;
			files = (
			);
			runOnlyForDeploymentPostprocessing = 0;
		};
/* End PBXFrameworksBuildPhase section */

/* Begin PBXGroup section */
		5DFA8109257F26B800DD1749 = {
			isa = PBXGroup;
			children = (
				5DFA8114257F26B800DD1749 /* Checklists12 */,
				5DFA8113257F26B800DD1749 /* Products */,
			);
			sourceTree = "<group>";
		};
		5DFA8113257F26B800DD1749 /* Products */ = {
			isa = PBXGroup;
			children = (
				5DFA8112257F26B800DD1749 /* Checklists12.app */,
			);
			name = Products;
			sourceTree = "<group>";
		};
		5DFA8114257F26B800DD1749 /* Checklists12 */ = {
			isa = PBXGroup;
			children = (
				5DD57EE82586AF3C00C1FA10 /* AllListsViewController.swift */,
				5DFA8115257F26B800DD1749 /* AppDelegate.swift */,
				5DFA811E257F26B900DD1749 /* Assets.xcassets */,
				5DD57EEC2586D1AB00C1FA10 /* Checklist.swift */,
				5DFA812C2580300B00DD1749 /* ChecklistItem.swift */,
				5DFA8119257F26B800DD1749 /* ChecklistViewController.swift */,
				5DDFCC0C258845F000EF3DB6 /* DataModel.swift */,
				5DFA8123257F26B900DD1749 /* Info.plist */,
				5D64443B2580670F00798E0F /* ItemDetailViewController.swift */,
				5DFA8120257F26B900DD1749 /* LaunchScreen.storyboard */,
				5DD57EF02586EEB800C1FA10 /* ListDetailViewController.swift */,
				5DFA811B257F26B800DD1749 /* Main.storyboard */,
				5DFA8117257F26B800DD1749 /* SceneDelegate.swift */,
			);
			path = Checklists12;
			sourceTree = "<group>";
		};
/* End PBXGroup section */

/* Begin PBXNativeTarget section */
		5DFA8111257F26B800DD1749 /* Checklists12 */ = {
			isa = PBXNativeTarget;
			buildConfigurationList = 5DFA8126257F26B900DD1749 /* Build configuration list for PBXNativeTarget "Checklists12" */;
			buildPhases = (
				5DFA810E257F26B800DD1749 /* Sources */,
				5DFA810F257F26B800DD1749 /* Frameworks */,
				5DFA8110257F26B800DD1749 /* Resources */,
			);
			buildRules = (
			);
			dependencies = (
			);
			name = Checklists12;
			productName = Checklists12;
			productReference = 5DFA8112257F26B800DD1749 /* Checklists12.app */;
			productType = "com.apple.product-type.application";
		};
/* End PBXNativeTarget section */

/* Begin PBXProject section */
		5DFA810A257F26B800DD1749 /* Project object */ = {
			isa = PBXProject;
			attributes = {
				LastSwiftUpdateCheck = 1220;
				LastUpgradeCheck = 1220;
				TargetAttributes = {
					5DFA8111257F26B800DD1749 = {
						CreatedOnToolsVersion = 12.2;
					};
				};
			};
			buildConfigurationList = 5DFA810D257F26B800DD1749 /* Build configuration list for PBXProject "Checklists12" */;
			compatibilityVersion = "Xcode 9.3";
			developmentRegion = en;
			hasScannedForEncodings = 0;
			knownRegions = (
				en,
				Base,
			);
			mainGroup = 5DFA8109257F26B800DD1749;
			productRefGroup = 5DFA8113257F26B800DD1749 /* Products */;
			projectDirPath = "";
			projectRoot = "";
			targets = (
				5DFA8111257F26B800DD1749 /* Checklists12 */,
			);
		};
/* End PBXProject section */

/* Begin PBXResourcesBuildPhase section */
		5DFA8110257F26B800DD1749 /* Resources */ = {
			isa = PBXResourcesBuildPhase;
			buildActionMask = 2147483647;
			files = (
				5DFA8122257F26B900DD1749 /* LaunchScreen.storyboard in Resources */,
				5DFA811F257F26B900DD1749 /* Assets.xcassets in Resources */,
				5DFA811D257F26B800DD1749 /* Main.storyboard in Resources */,
			);
			runOnlyForDeploymentPostprocessing = 0;
		};
/* End PBXResourcesBuildPhase section */

/* Begin PBXSourcesBuildPhase section */
		5DFA810E257F26B800DD1749 /* Sources */ = {
			isa = PBXSourcesBuildPhase;
			buildActionMask = 2147483647;
			files = (
				5D64443C2580670F00798E0F /* ItemDetailViewController.swift in Sources */,
				5DFA811A257F26B800DD1749 /* ChecklistViewController.swift in Sources */,
				5DD57EE92586AF3C00C1FA10 /* AllListsViewController.swift in Sources */,
				5DFA8116257F26B800DD1749 /* AppDelegate.swift in Sources */,
				5DFA8118257F26B800DD1749 /* SceneDelegate.swift in Sources */,
				5DFA812D2580300B00DD1749 /* ChecklistItem.swift in Sources */,
				5DD57EED2586D1AB00C1FA10 /* Checklist.swift in Sources */,
				5DD57EF12586EEB800C1FA10 /* ListDetailViewController.swift in Sources */,
				5DDFCC0D258845F000EF3DB6 /* DataModel.swift in Sources */,
			);
			runOnlyForDeploymentPostprocessing = 0;
		};
/* End PBXSourcesBuildPhase section */

/* Begin PBXVariantGroup section */
		5DFA811B257F26B800DD1749 /* Main.storyboard */ = {
			isa = PBXVariantGroup;
			children = (
				5DFA811C257F26B800DD1749 /* Base */,
			);
			name = Main.storyboard;
			sourceTree = "<group>";
		};
		5DFA8120257F26B900DD1749 /* LaunchScreen.storyboard */ = {
			isa = PBXVariantGroup;
			children = (
				5DFA8121257F26B900DD1749 /* Base */,
			);
			name = LaunchScreen.storyboard;
			sourceTree = "<group>";
		};
/* End PBXVariantGroup section */

/* Begin XCBuildConfiguration section */
		5DFA8124257F26B900DD1749 /* Debug */ = {
			isa = XCBuildConfiguration;
			buildSettings = {
				ALWAYS_SEARCH_USER_PATHS = NO;
				CLANG_ANALYZER_NONNULL = YES;
				CLANG_ANALYZER_NUMBER_OBJECT_CONVERSION = YES_AGGRESSIVE;
				CLANG_CXX_LANGUAGE_STANDARD = "gnu++14";
				CLANG_CXX_LIBRARY = "libc++";
				CLANG_ENABLE_MODULES = YES;
				CLANG_ENABLE_OBJC_ARC = YES;
				CLANG_ENABLE_OBJC_WEAK = YES;
				CLANG_WARN_BLOCK_CAPTURE_AUTORELEASING = YES;
				CLANG_WARN_BOOL_CONVERSION = YES;
				CLANG_WARN_COMMA = YES;
				CLANG_WARN_CONSTANT_CONVERSION = YES;
				CLANG_WARN_DEPRECATED_OBJC_IMPLEMENTATIONS = YES;
				CLANG_WARN_DIRECT_OBJC_ISA_USAGE = YES_ERROR;
				CLANG_WARN_DOCUMENTATION_COMMENTS = YES;
				CLANG_WARN_EMPTY_BODY = YES;
				CLANG_WARN_ENUM_CONVERSION = YES;
				CLANG_WARN_INFINITE_RECURSION = YES;
				CLANG_WARN_INT_CONVERSION = YES;
				CLANG_WARN_NON_LITERAL_NULL_CONVERSION = YES;
				CLANG_WARN_OBJC_IMPLICIT_RETAIN_SELF = YES;
				CLANG_WARN_OBJC_LITERAL_CONVERSION = YES;
				CLANG_WARN_OBJC_ROOT_CLASS = YES_ERROR;
				CLANG_WARN_QUOTED_INCLUDE_IN_FRAMEWORK_HEADER = YES;
				CLANG_WARN_RANGE_LOOP_ANALYSIS = YES;
				CLANG_WARN_STRICT_PROTOTYPES = YES;
				CLANG_WARN_SUSPICIOUS_MOVE = YES;
				CLANG_WARN_UNGUARDED_AVAILABILITY = YES_AGGRESSIVE;
				CLANG_WARN_UNREACHABLE_CODE = YES;
				CLANG_WARN__DUPLICATE_METHOD_MATCH = YES;
				COPY_PHASE_STRIP = NO;
				DEBUG_INFORMATION_FORMAT = dwarf;
				ENABLE_STRICT_OBJC_MSGSEND = YES;
				ENABLE_TESTABILITY = YES;
				GCC_C_LANGUAGE_STANDARD = gnu11;
				GCC_DYNAMIC_NO_PIC = NO;
				GCC_NO_COMMON_BLOCKS = YES;
				GCC_OPTIMIZATION_LEVEL = 0;
				GCC_PREPROCESSOR_DEFINITIONS = (
					"DEBUG=1",
					"$(inherited)",
				);
				GCC_WARN_64_TO_32_BIT_CONVERSION = YES;
				GCC_WARN_ABOUT_RETURN_TYPE = YES_ERROR;
				GCC_WARN_UNDECLARED_SELECTOR = YES;
				GCC_WARN_UNINITIALIZED_AUTOS = YES_AGGRESSIVE;
				GCC_WARN_UNUSED_FUNCTION = YES;
				GCC_WARN_UNUSED_VARIABLE = YES;
				IPHONEOS_DEPLOYMENT_TARGET = 14.2;
				MTL_ENABLE_DEBUG_INFO = INCLUDE_SOURCE;
				MTL_FAST_MATH = YES;
				ONLY_ACTIVE_ARCH = YES;
				SDKROOT = iphoneos;
				SWIFT_ACTIVE_COMPILATION_CONDITIONS = DEBUG;
				SWIFT_OPTIMIZATION_LEVEL = "-Onone";
			};
			name = Debug;
		};
		5DFA8125257F26B900DD1749 /* Release */ = {
			isa = XCBuildConfiguration;
			buildSettings = {
				ALWAYS_SEARCH_USER_PATHS = NO;
				CLANG_ANALYZER_NONNULL = YES;
				CLANG_ANALYZER_NUMBER_OBJECT_CONVERSION = YES_AGGRESSIVE;
				CLANG_CXX_LANGUAGE_STANDARD = "gnu++14";
				CLANG_CXX_LIBRARY = "libc++";
				CLANG_ENABLE_MODULES = YES;
				CLANG_ENABLE_OBJC_ARC = YES;
				CLANG_ENABLE_OBJC_WEAK = YES;
				CLANG_WARN_BLOCK_CAPTURE_AUTORELEASING = YES;
				CLANG_WARN_BOOL_CONVERSION = YES;
				CLANG_WARN_COMMA = YES;
				CLANG_WARN_CONSTANT_CONVERSION = YES;
				CLANG_WARN_DEPRECATED_OBJC_IMPLEMENTATIONS = YES;
				CLANG_WARN_DIRECT_OBJC_ISA_USAGE = YES_ERROR;
				CLANG_WARN_DOCUMENTATION_COMMENTS = YES;
				CLANG_WARN_EMPTY_BODY = YES;
				CLANG_WARN_ENUM_CONVERSION = YES;
				CLANG_WARN_INFINITE_RECURSION = YES;
				CLANG_WARN_INT_CONVERSION = YES;
				CLANG_WARN_NON_LITERAL_NULL_CONVERSION = YES;
				CLANG_WARN_OBJC_IMPLICIT_RETAIN_SELF = YES;
				CLANG_WARN_OBJC_LITERAL_CONVERSION = YES;
				CLANG_WARN_OBJC_ROOT_CLASS = YES_ERROR;
				CLANG_WARN_QUOTED_INCLUDE_IN_FRAMEWORK_HEADER = YES;
				CLANG_WARN_RANGE_LOOP_ANALYSIS = YES;
				CLANG_WARN_STRICT_PROTOTYPES = YES;
				CLANG_WARN_SUSPICIOUS_MOVE = YES;
				CLANG_WARN_UNGUARDED_AVAILABILITY = YES_AGGRESSIVE;
				CLANG_WARN_UNREACHABLE_CODE = YES;
				CLANG_WARN__DUPLICATE_METHOD_MATCH = YES;
				COPY_PHASE_STRIP = NO;
				DEBUG_INFORMATION_FORMAT = "dwarf-with-dsym";
				ENABLE_NS_ASSERTIONS = NO;
				ENABLE_STRICT_OBJC_MSGSEND = YES;
				GCC_C_LANGUAGE_STANDARD = gnu11;
				GCC_NO_COMMON_BLOCKS = YES;
				GCC_WARN_64_TO_32_BIT_CONVERSION = YES;
				GCC_WARN_ABOUT_RETURN_TYPE = YES_ERROR;
				GCC_WARN_UNDECLARED_SELECTOR = YES;
				GCC_WARN_UNINITIALIZED_AUTOS = YES_AGGRESSIVE;
				GCC_WARN_UNUSED_FUNCTION = YES;
				GCC_WARN_UNUSED_VARIABLE = YES;
				IPHONEOS_DEPLOYMENT_TARGET = 14.2;
				MTL_ENABLE_DEBUG_INFO = NO;
				MTL_FAST_MATH = YES;
				SDKROOT = iphoneos;
				SWIFT_COMPILATION_MODE = wholemodule;
				SWIFT_OPTIMIZATION_LEVEL = "-O";
				VALIDATE_PRODUCT = YES;
			};
			name = Release;
		};
		5DFA8127257F26B900DD1749 /* Debug */ = {
			isa = XCBuildConfiguration;
			buildSettings = {
				ASSETCATALOG_COMPILER_APPICON_NAME = AppIcon;
				ASSETCATALOG_COMPILER_GLOBAL_ACCENT_COLOR_NAME = AccentColor;
				CODE_SIGN_STYLE = Automatic;
				DEVELOPMENT_TEAM = 6SP468TM33;
				INFOPLIST_FILE = Checklists12/Info.plist;
				LD_RUNPATH_SEARCH_PATHS = (
					"$(inherited)",
					"@executable_path/Frameworks",
				);
				PRODUCT_BUNDLE_IDENTIFIER = com.buckrozelledotcomLLC.Checklists12;
				PRODUCT_NAME = "$(TARGET_NAME)";
				SWIFT_VERSION = 5.0;
				TARGETED_DEVICE_FAMILY = "1,2";
			};
			name = Debug;
		};
		5DFA8128257F26B900DD1749 /* Release */ = {
			isa = XCBuildConfiguration;
			buildSettings = {
				ASSETCATALOG_COMPILER_APPICON_NAME = AppIcon;
				ASSETCATALOG_COMPILER_GLOBAL_ACCENT_COLOR_NAME = AccentColor;
				CODE_SIGN_STYLE = Automatic;
				DEVELOPMENT_TEAM = 6SP468TM33;
				INFOPLIST_FILE = Checklists12/Info.plist;
				LD_RUNPATH_SEARCH_PATHS = (
					"$(inherited)",
					"@executable_path/Frameworks",
				);
				PRODUCT_BUNDLE_IDENTIFIER = com.buckrozelledotcomLLC.Checklists12;
				PRODUCT_NAME = "$(TARGET_NAME)";
				SWIFT_VERSION = 5.0;
				TARGETED_DEVICE_FAMILY = "1,2";
			};
			name = Release;
		};
/* End XCBuildConfiguration section */

/* Begin XCConfigurationList section */
		5DFA810D257F26B800DD1749 /* Build configuration list for PBXProject "Checklists12" */ = {
			isa = XCConfigurationList;
			buildConfigurations = (
				5DFA8124257F26B900DD1749 /* Debug */,
				5DFA8125257F26B900DD1749 /* Release */,
			);
			defaultConfigurationIsVisible = 0;
			defaultConfigurationName = Release;
		};
		5DFA8126257F26B900DD1749 /* Build configuration list for PBXNativeTarget "Checklists12" */ = {
			isa = XCConfigurationList;
			buildConfigurations = (
				5DFA8127257F26B900DD1749 /* Debug */,
				5DFA8128257F26B900DD1749 /* Release */,
			);
			defaultConfigurationIsVisible = 0;
			defaultConfigurationName = Release;
		};
/* End XCConfigurationList section */
	};
	rootObject = 5DFA810A257F26B800DD1749 /* Project object */;
}
